
Microsoft Visual Studio Solution File, Format Version 12.00
# Visual Studio Version 17
VisualStudioVersion = 17.14.36915.13 d17.14
MinimumVisualStudioVersion = 10.0.40219.1
Project("{FAE04EC0-301F-11D3-BF4B-00C04F79EFBC}") = "crud_oracle_19c", "crud_oracle_19c.csproj", "{F092E85E-7C73-44C1-89A6-58C4736D5707}"
EndProject
Global
	GlobalSection(SolutionConfigurationPlatforms) = preSolution
		Debug|Any CPU = Debug|Any CPU
		Release|Any CPU = Release|Any CPU
	EndGlobalSection
	GlobalSection(ProjectConfigurationPlatforms) = postSolution
		{F092E85E-7C73-44C1-89A6-58C4736D5707}.Debug|Any CPU.ActiveCfg = Debug|Any CPU
		{F092E85E-7C73-44C1-89A6-58C4736D5707}.Debug|Any CPU.Build.0 = Debug|Any CPU
		{F092E85E-7C73-44C1-89A6-58C4736D5707}.Release|Any CPU.ActiveCfg = Release|Any CPU
		{F092E85E-7C73-44C1-89A6-58C4736D5707}.Release|Any CPU.Build.0 = Release|Any CPU
	EndGlobalSection
	GlobalSection(SolutionProperties) = preSolution
		HideSolutionNode = FALSE
	EndGlobalSection
	GlobalSection(ExtensibilityGlobals) = postSolution
		SolutionGuid = {F9A08279-DC4D-47BD-88DE-84842F3E8DD4}
	EndGlobalSection
EndGlobal
